
Microsoft Visual Studio Solution File, Format Version 12.00
# Visual Studio Version 17
VisualStudioVersion = 17.3.32901.215
MinimumVisualStudioVersion = 10.0.40219.1
Project("{FAE04EC0-301F-11D3-BF4B-00C04F79EFBC}") = "PM023P01.Android", "PM023P01\PM023P01.Android\PM023P01.Android.csproj", "{540B9D67-79AF-456D-A793-0DBF47A0A90C}"
EndProject
Project("{FAE04EC0-301F-11D3-BF4B-00C04F79EFBC}") = "PM023P01", "PM023P01\PM023P01\PM023P01.csproj", "{E348CAF2-6003-4DE2-B681-E18A9FCB5A23}"
EndProject
Global
	GlobalSection(SolutionConfigurationPlatforms) = preSolution
		Debug|Any CPU = Debug|Any CPU
		Release|Any CPU = Release|Any CPU
	EndGlobalSection
	GlobalSection(ProjectConfigurationPlatforms) = postSolution
		{540B9D67-79AF-456D-A793-0DBF47A0A90C}.Debug|Any CPU.ActiveCfg = Debug|Any CPU
		{540B9D67-79AF-456D-A793-0DBF47A0A90C}.Debug|Any CPU.Build.0 = Debug|Any CPU
		{540B9D67-79AF-456D-A793-0DBF47A0A90C}.Debug|Any CPU.Deploy.0 = Debug|Any CPU
		{540B9D67-79AF-456D-A793-0DBF47A0A90C}.Release|Any CPU.ActiveCfg = Release|Any CPU
		{540B9D67-79AF-456D-A793-0DBF47A0A90C}.Release|Any CPU.Build.0 = Release|Any CPU
		{540B9D67-79AF-456D-A793-0DBF47A0A90C}.Release|Any CPU.Deploy.0 = Release|Any CPU
		{E348CAF2-6003-4DE2-B681-E18A9FCB5A23}.Debug|Any CPU.ActiveCfg = Debug|Any CPU
		{E348CAF2-6003-4DE2-B681-E18A9FCB5A23}.Debug|Any CPU.Build.0 = Debug|Any CPU
		{E348CAF2-6003-4DE2-B681-E18A9FCB5A23}.Debug|Any CPU.Deploy.0 = Debug|Any CPU
		{E348CAF2-6003-4DE2-B681-E18A9FCB5A23}.Release|Any CPU.ActiveCfg = Release|Any CPU
		{E348CAF2-6003-4DE2-B681-E18A9FCB5A23}.Release|Any CPU.Build.0 = Release|Any CPU
		{E348CAF2-6003-4DE2-B681-E18A9FCB5A23}.Release|Any CPU.Deploy.0 = Release|Any CPU
	EndGlobalSection
	GlobalSection(SolutionProperties) = preSolution
		HideSolutionNode = FALSE
	EndGlobalSection
	GlobalSection(ExtensibilityGlobals) = postSolution
		SolutionGuid = {140986E6-B402-4352-AD38-82FDEE138D9A}
	EndGlobalSection
EndGlobal
